{
  "originHash" : "4dcc4358b20e5843f681513ae4121cd8a75d2c7d171b905bec62ef2464a1c7c7",
  "pins" : [
    {
      "identity" : "camera",
      "kind" : "remoteSourceControl",
      "location" : "https://github.com/Mijick/Camera",
      "state" : {
        "revision" : "3cb2b56003910f765d7a5d39d2c2cb49717519cf",
        "version" : "3.0.2"
      }
    },
    {
      "identity" : "popups",
      "kind" : "remoteSourceControl",
      "location" : "https://github.com/Mijick/Popups",
      "state" : {
        "revision" : "62457a91042e8ef68615fd8d2d27eb8240d2cd5b",
        "version" : "4.0.1"
      }
    },
    {
      "identity" : "timer",
      "kind" : "remoteSourceControl",
      "location" : "https://github.com/Mijick/Timer",
      "state" : {
        "revision" : "342371c33c3f084d82a4818447ba77d858064c85",
        "version" : "2.0.0"
      }
    }
  ],
  "version" : 3
}
